{
  "nodes": {
    "home-manager": {
      "inputs": {
        "nixpkgs": [
          "nixpkgs"
        ]
      },
      "locked": {
        "lastModified": 1719827439,
        "narHash": "sha256-tneHOIv1lEavZ0vQ+rgz67LPNCgOZVByYki3OkSshFU=",
        "owner": "nix-community",
        "repo": "home-manager",
        "rev": "59ce796b2563e19821361abbe2067c3bb4143a7d",
        "type": "github"
      },
      "original": {
        "owner": "nix-community",
        "ref": "master",
        "repo": "home-manager",
        "type": "github"
      }
    },
    "impermanence": {
      "locked": {
        "lastModified": 1719091691,
        "narHash": "sha256-AxaLX5cBEcGtE02PeGsfscSb/fWMnyS7zMWBXQWDKbE=",
        "owner": "nix-community",
        "repo": "impermanence",
        "rev": "23c1f06316b67cb5dabdfe2973da3785cfe9c34a",
        "type": "github"
      },
      "original": {
        "owner": "nix-community",
        "repo": "impermanence",
        "type": "github"
      }
    },
    "nixpkgs": {
      "locked": {
        "lastModified": 1719914819,
        "narHash": "sha256-RJzWoZcRM/Bqw4KdpvQaA0rSxhzwan5dwpMqmVeHJYM=",
        "owner": "nixos",
        "repo": "nixpkgs",
        "rev": "b1bbd0246ae3d9878fa987391a3d8b2d8803731e",
        "type": "github"
      },
      "original": {
        "owner": "nixos",
        "ref": "nixos-unstable-small",
        "repo": "nixpkgs",
        "type": "github"
      }
    },
    "root": {
      "inputs": {
        "home-manager": "home-manager",
        "impermanence": "impermanence",
        "nixpkgs": "nixpkgs"
      }
    }
  },
  "root": "root",
  "version": 7
}
