{
  "nodes": {
    "home-manager": {
      "inputs": {
        "nixpkgs": [
          "nixpkgs"
        ]
      },
      "locked": {
        "lastModified": 1735735907,
        "narHash": "sha256-/AOGn9qJMjrZQyWYbObHTKmWDUP0q9+0TAXOJnq6ik0=",
        "owner": "nix-community",
        "repo": "home-manager",
        "rev": "59a4c43e9ba6db24698c112720a58a334117de83",
        "type": "github"
      },
      "original": {
        "owner": "nix-community",
        "repo": "home-manager",
        "type": "github"
      }
    },
    "impermanence": {
      "locked": {
        "lastModified": 1734945620,
        "narHash": "sha256-olIfsfJK4/GFmPH8mXMmBDAkzVQ1TWJmeGT3wBGfQPY=",
        "owner": "nix-community",
        "repo": "impermanence",
        "rev": "d000479f4f41390ff7cf9204979660ad5dd16176",
        "type": "github"
      },
      "original": {
        "owner": "nix-community",
        "repo": "impermanence",
        "type": "github"
      }
    },
    "nixpkgs": {
      "locked": {
        "lastModified": 1735471104,
        "narHash": "sha256-0q9NGQySwDQc7RhAV2ukfnu7Gxa5/ybJ2ANT8DQrQrs=",
        "owner": "nixos",
        "repo": "nixpkgs",
        "rev": "88195a94f390381c6afcdaa933c2f6ff93959cb4",
        "type": "github"
      },
      "original": {
        "owner": "nixos",
        "ref": "nixos-unstable",
        "repo": "nixpkgs",
        "type": "github"
      }
    },
    "nixpkgs-local": {
      "locked": {
        "lastModified": 1735742322,
        "narHash": "sha256-CGovSRTVv+uoJDL32woO9ng1NeSiCPkFhqPzyo9W1qg=",
        "owner": "ProxyVT",
        "repo": "nixpkgs",
        "rev": "11b2466fcd17d06e217937af76f3bbc3a1251424",
        "type": "github"
      },
      "original": {
        "owner": "ProxyVT",
        "ref": "legacy470-kernel-patches",
        "repo": "nixpkgs",
        "type": "github"
      }
    },
    "nixpkgs-master": {
      "locked": {
        "lastModified": 1735742339,
        "narHash": "sha256-xQfFX4Ay0KM5fv5wTtM/roBZ53/7pTFBop/sF5jD2Mw=",
        "owner": "nixos",
        "repo": "nixpkgs",
        "rev": "0886b36041ef64b00cb72d322dbd5dc8a31e396c",
        "type": "github"
      },
      "original": {
        "owner": "nixos",
        "ref": "master",
        "repo": "nixpkgs",
        "type": "github"
      }
    },
    "nixpkgs-release": {
      "locked": {
        "lastModified": 1735563628,
        "narHash": "sha256-OnSAY7XDSx7CtDoqNh8jwVwh4xNL/2HaJxGjryLWzX8=",
        "owner": "nixos",
        "repo": "nixpkgs",
        "rev": "b134951a4c9f3c995fd7be05f3243f8ecd65d798",
        "type": "github"
      },
      "original": {
        "owner": "nixos",
        "ref": "nixos-24.05",
        "repo": "nixpkgs",
        "type": "github"
      }
    },
    "root": {
      "inputs": {
        "home-manager": "home-manager",
        "impermanence": "impermanence",
        "nixpkgs": "nixpkgs",
        "nixpkgs-local": "nixpkgs-local",
        "nixpkgs-master": "nixpkgs-master",
        "nixpkgs-release": "nixpkgs-release"
      }
    }
  },
  "root": "root",
  "version": 7
}
