{
  "nodes": {
    "nixpkgs": {
      "locked": {
        "lastModified": 1755839955,
        "narHash": "sha256-pXhDPruZkzP9aHkdszrZiBLLkXKMMkp3iO0Au3d/SAc=",
        "owner": "nixos",
        "repo": "nixpkgs",
        "rev": "4e49fa427ec640b82b3d9391a449ee065723eabe",
        "type": "github"
      },
      "original": {
        "owner": "nixos",
        "ref": "master",
        "repo": "nixpkgs",
        "type": "github"
      }
    },
    "root": {
      "inputs": {
        "nixpkgs": "nixpkgs"
      }
    }
  },
  "root": "root",
  "version": 7
}
