{
  "nodes": {
    "nixpkgs": {
      "locked": {
        "lastModified": 1756650813,
        "narHash": "sha256-W3PT3lsDBUqzjN/0ZtNrhMnzu/9z4aJUlUgJfwieoEY=",
        "owner": "nixos",
        "repo": "nixpkgs",
        "rev": "d8bd6e68e2b59297d113dc1da0cd6e475245c7c0",
        "type": "github"
      },
      "original": {
        "owner": "nixos",
        "ref": "master",
        "repo": "nixpkgs",
        "type": "github"
      }
    },
    "root": {
      "inputs": {
        "nixpkgs": "nixpkgs"
      }
    }
  },
  "root": "root",
  "version": 7
}
