{
  "nodes": {
    "nixpkgs": {
      "locked": {
        "lastModified": 1756826255,
        "narHash": "sha256-sUZo22Hk4k8MbTI/pYT/puv1NeJ1OVhPZpvTK9uB9Cc=",
        "owner": "nixos",
        "repo": "nixpkgs",
        "rev": "27d9c3abbd660b005648dab6489efe36c578c414",
        "type": "github"
      },
      "original": {
        "owner": "nixos",
        "ref": "master",
        "repo": "nixpkgs",
        "type": "github"
      }
    },
    "root": {
      "inputs": {
        "nixpkgs": "nixpkgs"
      }
    }
  },
  "root": "root",
  "version": 7
}
